
Microsoft Visual Studio Solution File, Format Version 12.00
# Visual Studio Version 16
VisualStudioVersion = 16.0.29409.12
MinimumVisualStudioVersion = 10.0.40219.1
Project("{FAE04EC0-301F-11D3-BF4B-00C04F79EFBC}") = "Hangman", "Hangman\Hangman.csproj", "{8F621C39-2072-494C-950C-394CDAD320D6}"
EndProject
Global
	GlobalSection(SolutionConfigurationPlatforms) = preSolution
		Debug|Any CPU = Debug|Any CPU
		Release|Any CPU = Release|Any CPU
	EndGlobalSection
	GlobalSection(ProjectConfigurationPlatforms) = postSolution
		{8F621C39-2072-494C-950C-394CDAD320D6}.Debug|Any CPU.ActiveCfg = Debug|Any CPU
		{8F621C39-2072-494C-950C-394CDAD320D6}.Debug|Any CPU.Build.0 = Debug|Any CPU
		{8F621C39-2072-494C-950C-394CDAD320D6}.Release|Any CPU.ActiveCfg = Release|Any CPU
		{8F621C39-2072-494C-950C-394CDAD320D6}.Release|Any CPU.Build.0 = Release|Any CPU
	EndGlobalSection
	GlobalSection(SolutionProperties) = preSolution
		HideSolutionNode = FALSE
	EndGlobalSection
	GlobalSection(ExtensibilityGlobals) = postSolution
		SolutionGuid = {EE8F751F-8443-4233-9F8E-6738BD9218F5}
	EndGlobalSection
EndGlobal
